[[package]]
name = "django"
version = "2.2.27"
description = "A high-level Python Web framework that encourages rapid development and clean, pragmatic design."
category = "main"
optional = false
python-versions = ">=3.5"

[package.dependencies]
pytz = "*"
sqlparse = ">=0.2.2"

[package.extras]
argon2 = ["argon2-cffi (>=16.1.0)"]
bcrypt = ["bcrypt"]

[[package]]
name = "pyctx"
version = "0.1.7"
description = "Context package to use data between function calls, use timers and log it."
category = "main"
optional = false
python-versions = "*"

[[package]]
name = "pytz"
version = "2020.5"
description = "World timezone definitions, modern and historical"
category = "main"
optional = false
python-versions = "*"

[[package]]
name = "sqlparse"
version = "0.4.1"
description = "A non-validating SQL parser."
category = "main"
optional = false
python-versions = ">=3.5"

[metadata]
lock-version = "1.1"
python-versions = ">3.7.0"
content-hash = "b1d417554c92abcb3eea59306b3b5e50919aa45fdb072bee3046fbfff3f139db"

[metadata.files]
django = [
    {file = "Django-2.2.27-py3-none-any.whl", hash = "sha256:90763c764738586b11d7e1f44828032c153366e43ad7f782908193a1bb2d6d92"},
    {file = "Django-2.2.27.tar.gz", hash = "sha256:1ee37046b0bf2b61e83b3a01d067323516ec3b6f2b17cd49b1326dd4ba9dc913"},
]
pyctx = [
    {file = "pyctx-0.1.7-py2.py3-none-any.whl", hash = "sha256:24a2c765e3151b1bc49f5d185bb1e408af5e444478ae289e1c2286f45ec699f8"},
    {file = "pyctx-0.1.7.tar.gz", hash = "sha256:06d3e8404ff93f7a728a4367cab8ea57c11c6aa27f97ba61e0f3b2532a850bbb"},
]
pytz = [
    {file = "pytz-2020.5-py2.py3-none-any.whl", hash = "sha256:16962c5fb8db4a8f63a26646d8886e9d769b6c511543557bc84e9569fb9a9cb4"},
    {file = "pytz-2020.5.tar.gz", hash = "sha256:180befebb1927b16f6b57101720075a984c019ac16b1b7575673bea42c6c3da5"},
]
sqlparse = [
    {file = "sqlparse-0.4.1-py3-none-any.whl", hash = "sha256:017cde379adbd6a1f15a61873f43e8274179378e95ef3fede90b5aa64d304ed0"},
    {file = "sqlparse-0.4.1.tar.gz", hash = "sha256:0f91fd2e829c44362cbcfab3e9ae12e22badaa8a29ad5ff599f9ec109f0454e8"},
]
